
Microsoft Visual Studio Solution File, Format Version 12.00
# Visual Studio Version 17
VisualStudioVersion = 17.5.33516.290
MinimumVisualStudioVersion = 10.0.40219.1
Project("{888888A0-9F3D-457C-B088-3A5042F75D52}") = "AI vtuber", "AI vtuber\AI vtuber.pyproj", "{3A9C9C16-2EEB-42E3-8707-0228EB840755}"
EndProject
Global
	GlobalSection(SolutionConfigurationPlatforms) = preSolution
		Debug|Any CPU = Debug|Any CPU
		Release|Any CPU = Release|Any CPU
	EndGlobalSection
	GlobalSection(ProjectConfigurationPlatforms) = postSolution
		{3A9C9C16-2EEB-42E3-8707-0228EB840755}.Debug|Any CPU.ActiveCfg = Debug|Any CPU
		{3A9C9C16-2EEB-42E3-8707-0228EB840755}.Release|Any CPU.ActiveCfg = Release|Any CPU
	EndGlobalSection
	GlobalSection(SolutionProperties) = preSolution
		HideSolutionNode = FALSE
	EndGlobalSection
	GlobalSection(ExtensibilityGlobals) = postSolution
		SolutionGuid = {A9F8EE5D-4409-4822-BB66-F82B9BA35639}
	EndGlobalSection
EndGlobal
